
Microsoft Visual Studio Solution File, Format Version 12.00
Project("{FAE04EC0-301F-11D3-BF4B-00C04F79EFBC}") = "MethodConf.Cms", "MethodConf.Cms\MethodConf.Cms.csproj", "{7FCBF5F5-75D1-445A-89AF-E6E4FDC1588C}"
EndProject
Project("{FAE04EC0-301F-11D3-BF4B-00C04F79EFBC}") = "MethodConf.Cms.Tests", "MethodConf.Cms.Tests\MethodConf.Cms.Tests.csproj", "{2E4FE15E-AEEC-417C-8543-33146713E576}"
EndProject
Global
	GlobalSection(SolutionConfigurationPlatforms) = preSolution
		Debug|Any CPU = Debug|Any CPU
		Release|Any CPU = Release|Any CPU
	EndGlobalSection
	GlobalSection(ProjectConfigurationPlatforms) = postSolution
		{7FCBF5F5-75D1-445A-89AF-E6E4FDC1588C}.Debug|Any CPU.ActiveCfg = Debug|Any CPU
		{7FCBF5F5-75D1-445A-89AF-E6E4FDC1588C}.Debug|Any CPU.Build.0 = Debug|Any CPU
		{7FCBF5F5-75D1-445A-89AF-E6E4FDC1588C}.Release|Any CPU.ActiveCfg = Release|Any CPU
		{7FCBF5F5-75D1-445A-89AF-E6E4FDC1588C}.Release|Any CPU.Build.0 = Release|Any CPU
		{2E4FE15E-AEEC-417C-8543-33146713E576}.Debug|Any CPU.ActiveCfg = Debug|Any CPU
		{2E4FE15E-AEEC-417C-8543-33146713E576}.Debug|Any CPU.Build.0 = Debug|Any CPU
		{2E4FE15E-AEEC-417C-8543-33146713E576}.Release|Any CPU.ActiveCfg = Release|Any CPU
		{2E4FE15E-AEEC-417C-8543-33146713E576}.Release|Any CPU.Build.0 = Release|Any CPU
	EndGlobalSection
EndGlobal
